// !$*UTF8*$!
{
	archiveVersion = 1;
	classes = {
	};
	objectVersion = 48;
	objects = {

/* Begin PBXBuildFile section */
		C7EB82D621802FE3007389CE /* AppDelegate.swift in Sources */ = {isa = PBXBuildFile; fileRef = C7EB82D521802FE3007389CE /* AppDelegate.swift */; };
		C7EB82D821802FE3007389CE /* FirstViewController.swift in Sources */ = {isa = PBXBuildFile; fileRef = C7EB82D721802FE3007389CE /* FirstViewController.swift */; };
		C7EB82DA21802FE3007389CE /* SecondViewController.swift in Sources */ = {isa = PBXBuildFile; fileRef = C7EB82D921802FE3007389CE /* SecondViewController.swift */; };
		C7EB82DD21802FE3007389CE /* Main.storyboard in Resources */ = {isa = PBXBuildFile; fileRef = C7EB82DB21802FE3007389CE /* Main.storyboard */; };
		C7EB82DF21802FE3007389CE /* Assets.xcassets in Resources */ = {isa = PBXBuildFile; fileRef = C7EB82DE21802FE3007389CE /* Assets.xcassets */; };
		C7EB82E221802FE3007389CE /* LaunchScreen.storyboard in Resources */ = {isa = PBXBuildFile; fileRef = C7EB82E021802FE3007389CE /* LaunchScreen.storyboard */; };
		C7EB82ED21802FE3007389CE /* OnTheMapTests.swift in Sources */ = {isa = PBXBuildFile; fileRef = C7EB82EC21802FE3007389CE /* OnTheMapTests.swift */; };
		C7EB82F821802FE3007389CE /* OnTheMapUITests.swift in Sources */ = {isa = PBXBuildFile; fileRef = C7EB82F721802FE3007389CE /* OnTheMapUITests.swift */; };
/* End PBXBuildFile section */

/* Begin PBXContainerItemProxy section */
		C7EB82E921802FE3007389CE /* PBXContainerItemProxy */ = {
			isa = PBXContainerItemProxy;
			containerPortal = C7EB82CA21802FE3007389CE /* Project object */;
			proxyType = 1;
			remoteGlobalIDString = C7EB82D121802FE3007389CE;
			remoteInfo = OnTheMap;
		};
		C7EB82F421802FE3007389CE /* PBXContainerItemProxy */ = {
			isa = PBXContainerItemProxy;
			containerPortal = C7EB82CA21802FE3007389CE /* Project object */;
			proxyType = 1;
			remoteGlobalIDString = C7EB82D121802FE3007389CE;
			remoteInfo = OnTheMap;
		};
/* End PBXContainerItemProxy section */

/* Begin PBXFileReference section */
		C7EB82D221802FE3007389CE /* OnTheMap.app */ = {isa = PBXFileReference; explicitFileType = wrapper.application; includeInIndex = 0; path = OnTheMap.app; sourceTree = BUILT_PRODUCTS_DIR; };
		C7EB82D521802FE3007389CE /* AppDelegate.swift */ = {isa = PBXFileReference; lastKnownFileType = sourcecode.swift; path = AppDelegate.swift; sourceTree = "<group>"; };
		C7EB82D721802FE3007389CE /* FirstViewController.swift */ = {isa = PBXFileReference; lastKnownFileType = sourcecode.swift; path = FirstViewController.swift; sourceTree = "<group>"; };
		C7EB82D921802FE3007389CE /* SecondViewController.swift */ = {isa = PBXFileReference; lastKnownFileType = sourcecode.swift; path = SecondViewController.swift; sourceTree = "<group>"; };
		C7EB82DC21802FE3007389CE /* Base */ = {isa = PBXFileReference; lastKnownFileType = file.storyboard; name = Base; path = Base.lproj/Main.storyboard; sourceTree = "<group>"; };
		C7EB82DE21802FE3007389CE /* Assets.xcassets */ = {isa = PBXFileReference; lastKnownFileType = folder.assetcatalog; path = Assets.xcassets; sourceTree = "<group>"; };
		C7EB82E121802FE3007389CE /* Base */ = {isa = PBXFileReference; lastKnownFileType = file.storyboard; name = Base; path = Base.lproj/LaunchScreen.storyboard; sourceTree = "<group>"; };
		C7EB82E321802FE3007389CE /* Info.plist */ = {isa = PBXFileReference; lastKnownFileType = text.plist.xml; path = Info.plist; sourceTree = "<group>"; };
		C7EB82E821802FE3007389CE /* OnTheMapTests.xctest */ = {isa = PBXFileReference; explicitFileType = wrapper.cfbundle; includeInIndex = 0; path = OnTheMapTests.xctest; sourceTree = BUILT_PRODUCTS_DIR; };
		C7EB82EC21802FE3007389CE /* OnTheMapTests.swift */ = {isa = PBXFileReference; lastKnownFileType = sourcecode.swift; path = OnTheMapTests.swift; sourceTree = "<group>"; };
		C7EB82EE21802FE3007389CE /* Info.plist */ = {isa = PBXFileReference; lastKnownFileType = text.plist.xml; path = Info.plist; sourceTree = "<group>"; };
		C7EB82F321802FE3007389CE /* OnTheMapUITests.xctest */ = {isa = PBXFileReference; explicitFileType = wrapper.cfbundle; includeInIndex = 0; path = OnTheMapUITests.xctest; sourceTree = BUILT_PRODUCTS_DIR; };
		C7EB82F721802FE3007389CE /* OnTheMapUITests.swift */ = {isa = PBXFileReference; lastKnownFileType = sourcecode.swift; path = OnTheMapUITests.swift; sourceTree = "<group>"; };
		C7EB82F921802FE3007389CE /* Info.plist */ = {isa = PBXFileReference; lastKnownFileType = text.plist.xml; path = Info.plist; sourceTree = "<group>"; };
/* End PBXFileReference section */

/* Begin PBXFrameworksBuildPhase section */
		C7EB82CF21802FE3007389CE /* Frameworks */ = {
			isa = PBXFrameworksBuildPhase;
			buildActionMask = 2147483647;
			files = (
			);
			runOnlyForDeploymentPostprocessing = 0;
		};
		C7EB82E521802FE3007389CE /* Frameworks */ = {
			isa = PBXFrameworksBuildPhase;
			buildActionMask = 2147483647;
			files = (
			);
			runOnlyForDeploymentPostprocessing = 0;
		};
		C7EB82F021802FE3007389CE /* Frameworks */ = {
			isa = PBXFrameworksBuildPhase;
			buildActionMask = 2147483647;
			files = (
			);
			runOnlyForDeploymentPostprocessing = 0;
		};
/* End PBXFrameworksBuildPhase section */

/* Begin PBXGroup section */
		C7EB82C921802FE3007389CE = {
			isa = PBXGroup;
			children = (
				C7EB82D421802FE3007389CE /* OnTheMap */,
				C7EB82EB21802FE3007389CE /* OnTheMapTests */,
				C7EB82F621802FE3007389CE /* OnTheMapUITests */,
				C7EB82D321802FE3007389CE /* Products */,
			);
			sourceTree = "<group>";
		};
		C7EB82D321802FE3007389CE /* Products */ = {
			isa = PBXGroup;
			children = (
				C7EB82D221802FE3007389CE /* OnTheMap.app */,
				C7EB82E821802FE3007389CE /* OnTheMapTests.xctest */,
				C7EB82F321802FE3007389CE /* OnTheMapUITests.xctest */,
			);
			name = Products;
			sourceTree = "<group>";
		};
		C7EB82D421802FE3007389CE /* OnTheMap */ = {
			isa = PBXGroup;
			children = (
				C7EB82D521802FE3007389CE /* AppDelegate.swift */,
				C7EB82D721802FE3007389CE /* FirstViewController.swift */,
				C7EB82D921802FE3007389CE /* SecondViewController.swift */,
				C7EB82DB21802FE3007389CE /* Main.storyboard */,
				C7EB82DE21802FE3007389CE /* Assets.xcassets */,
				C7EB82E021802FE3007389CE /* LaunchScreen.storyboard */,
				C7EB82E321802FE3007389CE /* Info.plist */,
			);
			path = OnTheMap;
			sourceTree = "<group>";
		};
		C7EB82EB21802FE3007389CE /* OnTheMapTests */ = {
			isa = PBXGroup;
			children = (
				C7EB82EC21802FE3007389CE /* OnTheMapTests.swift */,
				C7EB82EE21802FE3007389CE /* Info.plist */,
			);
			path = OnTheMapTests;
			sourceTree = "<group>";
		};
		C7EB82F621802FE3007389CE /* OnTheMapUITests */ = {
			isa = PBXGroup;
			children = (
				C7EB82F721802FE3007389CE /* OnTheMapUITests.swift */,
				C7EB82F921802FE3007389CE /* Info.plist */,
			);
			path = OnTheMapUITests;
			sourceTree = "<group>";
		};
/* End PBXGroup section */

/* Begin PBXNativeTarget section */
		C7EB82D121802FE3007389CE /* OnTheMap */ = {
			isa = PBXNativeTarget;
			buildConfigurationList = C7EB82FC21802FE3007389CE /* Build configuration list for PBXNativeTarget "OnTheMap" */;
			buildPhases = (
				C7EB82CE21802FE3007389CE /* Sources */,
				C7EB82CF21802FE3007389CE /* Frameworks */,
				C7EB82D021802FE3007389CE /* Resources */,
			);
			buildRules = (
			);
			dependencies = (
			);
			name = OnTheMap;
			productName = OnTheMap;
			productReference = C7EB82D221802FE3007389CE /* OnTheMap.app */;
			productType = "com.apple.product-type.application";
		};
		C7EB82E721802FE3007389CE /* OnTheMapTests */ = {
			isa = PBXNativeTarget;
			buildConfigurationList = C7EB82FF21802FE3007389CE /* Build configuration list for PBXNativeTarget "OnTheMapTests" */;
			buildPhases = (
				C7EB82E421802FE3007389CE /* Sources */,
				C7EB82E521802FE3007389CE /* Frameworks */,
				C7EB82E621802FE3007389CE /* Resources */,
			);
			buildRules = (
			);
			dependencies = (
				C7EB82EA21802FE3007389CE /* PBXTargetDependency */,
			);
			name = OnTheMapTests;
			productName = OnTheMapTests;
			productReference = C7EB82E821802FE3007389CE /* OnTheMapTests.xctest */;
			productType = "com.apple.product-type.bundle.unit-test";
		};
		C7EB82F221802FE3007389CE /* OnTheMapUITests */ = {
			isa = PBXNativeTarget;
			buildConfigurationList = C7EB830221802FE3007389CE /* Build configuration list for PBXNativeTarget "OnTheMapUITests" */;
			buildPhases = (
				C7EB82EF21802FE3007389CE /* Sources */,
				C7EB82F021802FE3007389CE /* Frameworks */,
				C7EB82F121802FE3007389CE /* Resources */,
			);
			buildRules = (
			);
			dependencies = (
				C7EB82F521802FE3007389CE /* PBXTargetDependency */,
			);
			name = OnTheMapUITests;
			productName = OnTheMapUITests;
			productReference = C7EB82F321802FE3007389CE /* OnTheMapUITests.xctest */;
			productType = "com.apple.product-type.bundle.ui-testing";
		};
/* End PBXNativeTarget section */

/* Begin PBXProject section */
		C7EB82CA21802FE3007389CE /* Project object */ = {
			isa = PBXProject;
			attributes = {
				LastSwiftUpdateCheck = 0920;
				LastUpgradeCheck = 0920;
				ORGANIZATIONNAME = "Lee, Steve";
				TargetAttributes = {
					C7EB82D121802FE3007389CE = {
						CreatedOnToolsVersion = 9.2;
						ProvisioningStyle = Automatic;
					};
					C7EB82E721802FE3007389CE = {
						CreatedOnToolsVersion = 9.2;
						ProvisioningStyle = Automatic;
						TestTargetID = C7EB82D121802FE3007389CE;
					};
					C7EB82F221802FE3007389CE = {
						CreatedOnToolsVersion = 9.2;
						ProvisioningStyle = Automatic;
						TestTargetID = C7EB82D121802FE3007389CE;
					};
				};
			};
			buildConfigurationList = C7EB82CD21802FE3007389CE /* Build configuration list for PBXProject "OnTheMap" */;
			compatibilityVersion = "Xcode 8.0";
			developmentRegion = en;
			hasScannedForEncodings = 0;
			knownRegions = (
				en,
				Base,
			);
			mainGroup = C7EB82C921802FE3007389CE;
			productRefGroup = C7EB82D321802FE3007389CE /* Products */;
			projectDirPath = "";
			projectRoot = "";
			targets = (
				C7EB82D121802FE3007389CE /* OnTheMap */,
				C7EB82E721802FE3007389CE /* OnTheMapTests */,
				C7EB82F221802FE3007389CE /* OnTheMapUITests */,
			);
		};
/* End PBXProject section */

/* Begin PBXResourcesBuildPhase section */
		C7EB82D021802FE3007389CE /* Resources */ = {
			isa = PBXResourcesBuildPhase;
			buildActionMask = 2147483647;
			files = (
				C7EB82E221802FE3007389CE /* LaunchScreen.storyboard in Resources */,
				C7EB82DF21802FE3007389CE /* Assets.xcassets in Resources */,
				C7EB82DD21802FE3007389CE /* Main.storyboard in Resources */,
			);
			runOnlyForDeploymentPostprocessing = 0;
		};
		C7EB82E621802FE3007389CE /* Resources */ = {
			isa = PBXResourcesBuildPhase;
			buildActionMask = 2147483647;
			files = (
			);
			runOnlyForDeploymentPostprocessing = 0;
		};
		C7EB82F121802FE3007389CE /* Resources */ = {
			isa = PBXResourcesBuildPhase;
			buildActionMask = 2147483647;
			files = (
			);
			runOnlyForDeploymentPostprocessing = 0;
		};
/* End PBXResourcesBuildPhase section */

/* Begin PBXSourcesBuildPhase section */
		C7EB82CE21802FE3007389CE /* Sources */ = {
			isa = PBXSourcesBuildPhase;
			buildActionMask = 2147483647;
			files = (
				C7EB82DA21802FE3007389CE /* SecondViewController.swift in Sources */,
				C7EB82D621802FE3007389CE /* AppDelegate.swift in Sources */,
				C7EB82D821802FE3007389CE /* FirstViewController.swift in Sources */,
			);
			runOnlyForDeploymentPostprocessing = 0;
		};
		C7EB82E421802FE3007389CE /* Sources */ = {
			isa = PBXSourcesBuildPhase;
			buildActionMask = 2147483647;
			files = (
				C7EB82ED21802FE3007389CE /* OnTheMapTests.swift in Sources */,
			);
			runOnlyForDeploymentPostprocessing = 0;
		};
		C7EB82EF21802FE3007389CE /* Sources */ = {
			isa = PBXSourcesBuildPhase;
			buildActionMask = 2147483647;
			files = (
				C7EB82F821802FE3007389CE /* OnTheMapUITests.swift in Sources */,
			);
			runOnlyForDeploymentPostprocessing = 0;
		};
/* End PBXSourcesBuildPhase section */

/* Begin PBXTargetDependency section */
		C7EB82EA21802FE3007389CE /* PBXTargetDependency */ = {
			isa = PBXTargetDependency;
			target = C7EB82D121802FE3007389CE /* OnTheMap */;
			targetProxy = C7EB82E921802FE3007389CE /* PBXContainerItemProxy */;
		};
		C7EB82F521802FE3007389CE /* PBXTargetDependency */ = {
			isa = PBXTargetDependency;
			target = C7EB82D121802FE3007389CE /* OnTheMap */;
			targetProxy = C7EB82F421802FE3007389CE /* PBXContainerItemProxy */;
		};
/* End PBXTargetDependency section */

/* Begin PBXVariantGroup section */
		C7EB82DB21802FE3007389CE /* Main.storyboard */ = {
			isa = PBXVariantGroup;
			children = (
				C7EB82DC21802FE3007389CE /* Base */,
			);
			name = Main.storyboard;
			sourceTree = "<group>";
		};
		C7EB82E021802FE3007389CE /* LaunchScreen.storyboard */ = {
			isa = PBXVariantGroup;
			children = (
				C7EB82E121802FE3007389CE /* Base */,
			);
			name = LaunchScreen.storyboard;
			sourceTree = "<group>";
		};
/* End PBXVariantGroup section */

/* Begin XCBuildConfiguration section */
		C7EB82FA21802FE3007389CE /* Debug */ = {
			isa = XCBuildConfiguration;
			buildSettings = {
				ALWAYS_SEARCH_USER_PATHS = NO;
				CLANG_ANALYZER_NONNULL = YES;
				CLANG_ANALYZER_NUMBER_OBJECT_CONVERSION = YES_AGGRESSIVE;
				CLANG_CXX_LANGUAGE_STANDARD = "gnu++14";
				CLANG_CXX_LIBRARY = "libc++";
				CLANG_ENABLE_MODULES = YES;
				CLANG_ENABLE_OBJC_ARC = YES;
				CLANG_WARN_BLOCK_CAPTURE_AUTORELEASING = YES;
				CLANG_WARN_BOOL_CONVERSION = YES;
				CLANG_WARN_COMMA = YES;
				CLANG_WARN_CONSTANT_CONVERSION = YES;
				CLANG_WARN_DIRECT_OBJC_ISA_USAGE = YES_ERROR;
				CLANG_WARN_DOCUMENTATION_COMMENTS = YES;
				CLANG_WARN_EMPTY_BODY = YES;
				CLANG_WARN_ENUM_CONVERSION = YES;
				CLANG_WARN_INFINITE_RECURSION = YES;
				CLANG_WARN_INT_CONVERSION = YES;
				CLANG_WARN_NON_LITERAL_NULL_CONVERSION = YES;
				CLANG_WARN_OBJC_LITERAL_CONVERSION = YES;
				CLANG_WARN_OBJC_ROOT_CLASS = YES_ERROR;
				CLANG_WARN_RANGE_LOOP_ANALYSIS = YES;
				CLANG_WARN_STRICT_PROTOTYPES = YES;
				CLANG_WARN_SUSPICIOUS_MOVE = YES;
				CLANG_WARN_UNGUARDED_AVAILABILITY = YES_AGGRESSIVE;
				CLANG_WARN_UNREACHABLE_CODE = YES;
				CLANG_WARN__DUPLICATE_METHOD_MATCH = YES;
				CODE_SIGN_IDENTITY = "iPhone Developer";
				COPY_PHASE_STRIP = NO;
				DEBUG_INFORMATION_FORMAT = dwarf;
				ENABLE_STRICT_OBJC_MSGSEND = YES;
				ENABLE_TESTABILITY = YES;
				GCC_C_LANGUAGE_STANDARD = gnu11;
				GCC_DYNAMIC_NO_PIC = NO;
				GCC_NO_COMMON_BLOCKS = YES;
				GCC_OPTIMIZATION_LEVEL = 0;
				GCC_PREPROCESSOR_DEFINITIONS = (
					"DEBUG=1",
					"$(inherited)",
				);
				GCC_WARN_64_TO_32_BIT_CONVERSION = YES;
				GCC_WARN_ABOUT_RETURN_TYPE = YES_ERROR;
				GCC_WARN_UNDECLARED_SELECTOR = YES;
				GCC_WARN_UNINITIALIZED_AUTOS = YES_AGGRESSIVE;
				GCC_WARN_UNUSED_FUNCTION = YES;
				GCC_WARN_UNUSED_VARIABLE = YES;
				IPHONEOS_DEPLOYMENT_TARGET = 11.2;
				MTL_ENABLE_DEBUG_INFO = YES;
				ONLY_ACTIVE_ARCH = YES;
				SDKROOT = iphoneos;
				SWIFT_ACTIVE_COMPILATION_CONDITIONS = DEBUG;
				SWIFT_OPTIMIZATION_LEVEL = "-Onone";
			};
			name = Debug;
		};
		C7EB82FB21802FE3007389CE /* Release */ = {
			isa = XCBuildConfiguration;
			buildSettings = {
				ALWAYS_SEARCH_USER_PATHS = NO;
				CLANG_ANALYZER_NONNULL = YES;
				CLANG_ANALYZER_NUMBER_OBJECT_CONVERSION = YES_AGGRESSIVE;
				CLANG_CXX_LANGUAGE_STANDARD = "gnu++14";
				CLANG_CXX_LIBRARY = "libc++";
				CLANG_ENABLE_MODULES = YES;
				CLANG_ENABLE_OBJC_ARC = YES;
				CLANG_WARN_BLOCK_CAPTURE_AUTORELEASING = YES;
				CLANG_WARN_BOOL_CONVERSION = YES;
				CLANG_WARN_COMMA = YES;
				CLANG_WARN_CONSTANT_CONVERSION = YES;
				CLANG_WARN_DIRECT_OBJC_ISA_USAGE = YES_ERROR;
				CLANG_WARN_DOCUMENTATION_COMMENTS = YES;
				CLANG_WARN_EMPTY_BODY = YES;
				CLANG_WARN_ENUM_CONVERSION = YES;
				CLANG_WARN_INFINITE_RECURSION = YES;
				CLANG_WARN_INT_CONVERSION = YES;
				CLANG_WARN_NON_LITERAL_NULL_CONVERSION = YES;
				CLANG_WARN_OBJC_LITERAL_CONVERSION = YES;
				CLANG_WARN_OBJC_ROOT_CLASS = YES_ERROR;
				CLANG_WARN_RANGE_LOOP_ANALYSIS = YES;
				CLANG_WARN_STRICT_PROTOTYPES = YES;
				CLANG_WARN_SUSPICIOUS_MOVE = YES;
				CLANG_WARN_UNGUARDED_AVAILABILITY = YES_AGGRESSIVE;
				CLANG_WARN_UNREACHABLE_CODE = YES;
				CLANG_WARN__DUPLICATE_METHOD_MATCH = YES;
				CODE_SIGN_IDENTITY = "iPhone Developer";
				COPY_PHASE_STRIP = NO;
				DEBUG_INFORMATION_FORMAT = "dwarf-with-dsym";
				ENABLE_NS_ASSERTIONS = NO;
				ENABLE_STRICT_OBJC_MSGSEND = YES;
				GCC_C_LANGUAGE_STANDARD = gnu11;
				GCC_NO_COMMON_BLOCKS = YES;
				GCC_WARN_64_TO_32_BIT_CONVERSION = YES;
				GCC_WARN_ABOUT_RETURN_TYPE = YES_ERROR;
				GCC_WARN_UNDECLARED_SELECTOR = YES;
				GCC_WARN_UNINITIALIZED_AUTOS = YES_AGGRESSIVE;
				GCC_WARN_UNUSED_FUNCTION = YES;
				GCC_WARN_UNUSED_VARIABLE = YES;
				IPHONEOS_DEPLOYMENT_TARGET = 11.2;
				MTL_ENABLE_DEBUG_INFO = NO;
				SDKROOT = iphoneos;
				SWIFT_OPTIMIZATION_LEVEL = "-Owholemodule";
				VALIDATE_PRODUCT = YES;
			};
			name = Release;
		};
		C7EB82FD21802FE3007389CE /* Debug */ = {
			isa = XCBuildConfiguration;
			buildSettings = {
				ASSETCATALOG_COMPILER_APPICON_NAME = AppIcon;
				CODE_SIGN_STYLE = Automatic;
				INFOPLIST_FILE = OnTheMap/Info.plist;
				LD_RUNPATH_SEARCH_PATHS = "$(inherited) @executable_path/Frameworks";
				PRODUCT_BUNDLE_IDENTIFIER = com.Udacity.OnTheMap;
				PRODUCT_NAME = "$(TARGET_NAME)";
				SWIFT_VERSION = 4.0;
				TARGETED_DEVICE_FAMILY = "1,2";
			};
			name = Debug;
		};
		C7EB82FE21802FE3007389CE /* Release */ = {
			isa = XCBuildConfiguration;
			buildSettings = {
				ASSETCATALOG_COMPILER_APPICON_NAME = AppIcon;
				CODE_SIGN_STYLE = Automatic;
				INFOPLIST_FILE = OnTheMap/Info.plist;
				LD_RUNPATH_SEARCH_PATHS = "$(inherited) @executable_path/Frameworks";
				PRODUCT_BUNDLE_IDENTIFIER = com.Udacity.OnTheMap;
				PRODUCT_NAME = "$(TARGET_NAME)";
				SWIFT_VERSION = 4.0;
				TARGETED_DEVICE_FAMILY = "1,2";
			};
			name = Release;
		};
		C7EB830021802FE3007389CE /* Debug */ = {
			isa = XCBuildConfiguration;
			buildSettings = {
				ALWAYS_EMBED_SWIFT_STANDARD_LIBRARIES = YES;
				BUNDLE_LOADER = "$(TEST_HOST)";
				CODE_SIGN_STYLE = Automatic;
				INFOPLIST_FILE = OnTheMapTests/Info.plist;
				LD_RUNPATH_SEARCH_PATHS = "$(inherited) @executable_path/Frameworks @loader_path/Frameworks";
				PRODUCT_BUNDLE_IDENTIFIER = com.Udacity.OnTheMapTests;
				PRODUCT_NAME = "$(TARGET_NAME)";
				SWIFT_VERSION = 4.0;
				TARGETED_DEVICE_FAMILY = "1,2";
				TEST_HOST = "$(BUILT_PRODUCTS_DIR)/OnTheMap.app/OnTheMap";
			};
			name = Debug;
		};
		C7EB830121802FE3007389CE /* Release */ = {
			isa = XCBuildConfiguration;
			buildSettings = {
				ALWAYS_EMBED_SWIFT_STANDARD_LIBRARIES = YES;
				BUNDLE_LOADER = "$(TEST_HOST)";
				CODE_SIGN_STYLE = Automatic;
				INFOPLIST_FILE = OnTheMapTests/Info.plist;
				LD_RUNPATH_SEARCH_PATHS = "$(inherited) @executable_path/Frameworks @loader_path/Frameworks";
				PRODUCT_BUNDLE_IDENTIFIER = com.Udacity.OnTheMapTests;
				PRODUCT_NAME = "$(TARGET_NAME)";
				SWIFT_VERSION = 4.0;
				TARGETED_DEVICE_FAMILY = "1,2";
				TEST_HOST = "$(BUILT_PRODUCTS_DIR)/OnTheMap.app/OnTheMap";
			};
			name = Release;
		};
		C7EB830321802FE3007389CE /* Debug */ = {
			isa = XCBuildConfiguration;
			buildSettings = {
				ALWAYS_EMBED_SWIFT_STANDARD_LIBRARIES = YES;
				CODE_SIGN_STYLE = Automatic;
				INFOPLIST_FILE = OnTheMapUITests/Info.plist;
				LD_RUNPATH_SEARCH_PATHS = "$(inherited) @executable_path/Frameworks @loader_path/Frameworks";
				PRODUCT_BUNDLE_IDENTIFIER = com.Udacity.OnTheMapUITests;
				PRODUCT_NAME = "$(TARGET_NAME)";
				SWIFT_VERSION = 4.0;
				TARGETED_DEVICE_FAMILY = "1,2";
				TEST_TARGET_NAME = OnTheMap;
			};
			name = Debug;
		};
		C7EB830421802FE3007389CE /* Release */ = {
			isa = XCBuildConfiguration;
			buildSettings = {
				ALWAYS_EMBED_SWIFT_STANDARD_LIBRARIES = YES;
				CODE_SIGN_STYLE = Automatic;
				INFOPLIST_FILE = OnTheMapUITests/Info.plist;
				LD_RUNPATH_SEARCH_PATHS = "$(inherited) @executable_path/Frameworks @loader_path/Frameworks";
				PRODUCT_BUNDLE_IDENTIFIER = com.Udacity.OnTheMapUITests;
				PRODUCT_NAME = "$(TARGET_NAME)";
				SWIFT_VERSION = 4.0;
				TARGETED_DEVICE_FAMILY = "1,2";
				TEST_TARGET_NAME = OnTheMap;
			};
			name = Release;
		};
/* End XCBuildConfiguration section */

/* Begin XCConfigurationList section */
		C7EB82CD21802FE3007389CE /* Build configuration list for PBXProject "OnTheMap" */ = {
			isa = XCConfigurationList;
			buildConfigurations = (
				C7EB82FA21802FE3007389CE /* Debug */,
				C7EB82FB21802FE3007389CE /* Release */,
			);
			defaultConfigurationIsVisible = 0;
			defaultConfigurationName = Release;
		};
		C7EB82FC21802FE3007389CE /* Build configuration list for PBXNativeTarget "OnTheMap" */ = {
			isa = XCConfigurationList;
			buildConfigurations = (
				C7EB82FD21802FE3007389CE /* Debug */,
				C7EB82FE21802FE3007389CE /* Release */,
			);
			defaultConfigurationIsVisible = 0;
			defaultConfigurationName = Release;
		};
		C7EB82FF21802FE3007389CE /* Build configuration list for PBXNativeTarget "OnTheMapTests" */ = {
			isa = XCConfigurationList;
			buildConfigurations = (
				C7EB830021802FE3007389CE /* Debug */,
				C7EB830121802FE3007389CE /* Release */,
			);
			defaultConfigurationIsVisible = 0;
			defaultConfigurationName = Release;
		};
		C7EB830221802FE3007389CE /* Build configuration list for PBXNativeTarget "OnTheMapUITests" */ = {
			isa = XCConfigurationList;
			buildConfigurations = (
				C7EB830321802FE3007389CE /* Debug */,
				C7EB830421802FE3007389CE /* Release */,
			);
			defaultConfigurationIsVisible = 0;
			defaultConfigurationName = Release;
		};
/* End XCConfigurationList section */
	};
	rootObject = C7EB82CA21802FE3007389CE /* Project object */;
}
